// !$*UTF8*$!
{
	archiveVersion = 1;
	classes = {
	};
	objectVersion = 50;
	objects = {

/* Begin PBXBuildFile section */
		147527D96A6FA196B83859BC /* Pods_rxNamer.framework in Frameworks */ = {isa = PBXBuildFile; fileRef = 26C30AE50609FC2C2E8A1022 /* Pods_rxNamer.framework */; };
		F626AEC5226CE9C9008BB571 /* AppDelegate.swift in Sources */ = {isa = PBXBuildFile; fileRef = F626AEC4226CE9C9008BB571 /* AppDelegate.swift */; };
		F626AEC7226CE9C9008BB571 /* ViewController.swift in Sources */ = {isa = PBXBuildFile; fileRef = F626AEC6226CE9C9008BB571 /* ViewController.swift */; };
		F626AECA226CE9C9008BB571 /* Main.storyboard in Resources */ = {isa = PBXBuildFile; fileRef = F626AEC8226CE9C9008BB571 /* Main.storyboard */; };
		F626AECC226CE9C9008BB571 /* Assets.xcassets in Resources */ = {isa = PBXBuildFile; fileRef = F626AECB226CE9C9008BB571 /* Assets.xcassets */; };
		F626AECF226CE9C9008BB571 /* LaunchScreen.storyboard in Resources */ = {isa = PBXBuildFile; fileRef = F626AECD226CE9C9008BB571 /* LaunchScreen.storyboard */; };
/* End PBXBuildFile section */

/* Begin PBXFileReference section */
		26C30AE50609FC2C2E8A1022 /* Pods_rxNamer.framework */ = {isa = PBXFileReference; explicitFileType = wrapper.framework; includeInIndex = 0; path = Pods_rxNamer.framework; sourceTree = BUILT_PRODUCTS_DIR; };
		3E6F180865D196F2CAC2CE5C /* Pods-rxNamer.release.xcconfig */ = {isa = PBXFileReference; includeInIndex = 1; lastKnownFileType = text.xcconfig; name = "Pods-rxNamer.release.xcconfig"; path = "Pods/Target Support Files/Pods-rxNamer/Pods-rxNamer.release.xcconfig"; sourceTree = "<group>"; };
		C1065A448D36AE4522F74E01 /* Pods-rxNamer.debug.xcconfig */ = {isa = PBXFileReference; includeInIndex = 1; lastKnownFileType = text.xcconfig; name = "Pods-rxNamer.debug.xcconfig"; path = "Pods/Target Support Files/Pods-rxNamer/Pods-rxNamer.debug.xcconfig"; sourceTree = "<group>"; };
		F626AEC1226CE9C9008BB571 /* rxNamer.app */ = {isa = PBXFileReference; explicitFileType = wrapper.application; includeInIndex = 0; path = rxNamer.app; sourceTree = BUILT_PRODUCTS_DIR; };
		F626AEC4226CE9C9008BB571 /* AppDelegate.swift */ = {isa = PBXFileReference; lastKnownFileType = sourcecode.swift; path = AppDelegate.swift; sourceTree = "<group>"; };
		F626AEC6226CE9C9008BB571 /* ViewController.swift */ = {isa = PBXFileReference; lastKnownFileType = sourcecode.swift; path = ViewController.swift; sourceTree = "<group>"; };
		F626AEC9226CE9C9008BB571 /* Base */ = {isa = PBXFileReference; lastKnownFileType = file.storyboard; name = Base; path = Base.lproj/Main.storyboard; sourceTree = "<group>"; };
		F626AECB226CE9C9008BB571 /* Assets.xcassets */ = {isa = PBXFileReference; lastKnownFileType = folder.assetcatalog; path = Assets.xcassets; sourceTree = "<group>"; };
		F626AECE226CE9C9008BB571 /* Base */ = {isa = PBXFileReference; lastKnownFileType = file.storyboard; name = Base; path = Base.lproj/LaunchScreen.storyboard; sourceTree = "<group>"; };
		F626AED0226CE9C9008BB571 /* Info.plist */ = {isa = PBXFileReference; lastKnownFileType = text.plist.xml; path = Info.plist; sourceTree = "<group>"; };
/* End PBXFileReference section */

/* Begin PBXFrameworksBuildPhase section */
		F626AEBE226CE9C9008BB571 /* Frameworks */ = {
			isa = PBXFrameworksBuildPhase;
			buildActionMask = 2147483647;
			files = (
				147527D96A6FA196B83859BC /* Pods_rxNamer.framework in Frameworks */,
			);
			runOnlyForDeploymentPostprocessing = 0;
		};
/* End PBXFrameworksBuildPhase section */

/* Begin PBXGroup section */
		96EF9E4B8E2F0192D1EA9419 /* Frameworks */ = {
			isa = PBXGroup;
			children = (
				26C30AE50609FC2C2E8A1022 /* Pods_rxNamer.framework */,
			);
			name = Frameworks;
			sourceTree = "<group>";
		};
		B5E97E0AE11DD7D0E75E52CF /* Pods */ = {
			isa = PBXGroup;
			children = (
				C1065A448D36AE4522F74E01 /* Pods-rxNamer.debug.xcconfig */,
				3E6F180865D196F2CAC2CE5C /* Pods-rxNamer.release.xcconfig */,
			);
			name = Pods;
			sourceTree = "<group>";
		};
		F626AEB8226CE9C9008BB571 = {
			isa = PBXGroup;
			children = (
				F626AEC3226CE9C9008BB571 /* rxNamer */,
				F626AEC2226CE9C9008BB571 /* Products */,
				B5E97E0AE11DD7D0E75E52CF /* Pods */,
				96EF9E4B8E2F0192D1EA9419 /* Frameworks */,
			);
			sourceTree = "<group>";
		};
		F626AEC2226CE9C9008BB571 /* Products */ = {
			isa = PBXGroup;
			children = (
				F626AEC1226CE9C9008BB571 /* rxNamer.app */,
			);
			name = Products;
			sourceTree = "<group>";
		};
		F626AEC3226CE9C9008BB571 /* rxNamer */ = {
			isa = PBXGroup;
			children = (
				F626AEC4226CE9C9008BB571 /* AppDelegate.swift */,
				F626AEC6226CE9C9008BB571 /* ViewController.swift */,
				F626AEC8226CE9C9008BB571 /* Main.storyboard */,
				F626AECB226CE9C9008BB571 /* Assets.xcassets */,
				F626AECD226CE9C9008BB571 /* LaunchScreen.storyboard */,
				F626AED0226CE9C9008BB571 /* Info.plist */,
			);
			path = rxNamer;
			sourceTree = "<group>";
		};
/* End PBXGroup section */

/* Begin PBXNativeTarget section */
		F626AEC0226CE9C9008BB571 /* rxNamer */ = {
			isa = PBXNativeTarget;
			buildConfigurationList = F626AED3226CE9C9008BB571 /* Build configuration list for PBXNativeTarget "rxNamer" */;
			buildPhases = (
				5E1584DB9E99ABC6EAAAED2D /* [CP] Check Pods Manifest.lock */,
				F626AEBD226CE9C9008BB571 /* Sources */,
				F626AEBE226CE9C9008BB571 /* Frameworks */,
				F626AEBF226CE9C9008BB571 /* Resources */,
				10B4EB321EEACD080AECB9E5 /* [CP] Embed Pods Frameworks */,
			);
			buildRules = (
			);
			dependencies = (
			);
			name = rxNamer;
			productName = rxNamer;
			productReference = F626AEC1226CE9C9008BB571 /* rxNamer.app */;
			productType = "com.apple.product-type.application";
		};
/* End PBXNativeTarget section */

/* Begin PBXProject section */
		F626AEB9226CE9C9008BB571 /* Project object */ = {
			isa = PBXProject;
			attributes = {
				LastSwiftUpdateCheck = 1020;
				LastUpgradeCheck = 1020;
				ORGANIZATIONNAME = "Ricardo Herrera Petit";
				TargetAttributes = {
					F626AEC0226CE9C9008BB571 = {
						CreatedOnToolsVersion = 10.2.1;
					};
				};
			};
			buildConfigurationList = F626AEBC226CE9C9008BB571 /* Build configuration list for PBXProject "rxNamer" */;
			compatibilityVersion = "Xcode 9.3";
			developmentRegion = en;
			hasScannedForEncodings = 0;
			knownRegions = (
				en,
				Base,
			);
			mainGroup = F626AEB8226CE9C9008BB571;
			productRefGroup = F626AEC2226CE9C9008BB571 /* Products */;
			projectDirPath = "";
			projectRoot = "";
			targets = (
				F626AEC0226CE9C9008BB571 /* rxNamer */,
			);
		};
/* End PBXProject section */

/* Begin PBXResourcesBuildPhase section */
		F626AEBF226CE9C9008BB571 /* Resources */ = {
			isa = PBXResourcesBuildPhase;
			buildActionMask = 2147483647;
			files = (
				F626AECF226CE9C9008BB571 /* LaunchScreen.storyboard in Resources */,
				F626AECC226CE9C9008BB571 /* Assets.xcassets in Resources */,
				F626AECA226CE9C9008BB571 /* Main.storyboard in Resources */,
			);
			runOnlyForDeploymentPostprocessing = 0;
		};
/* End PBXResourcesBuildPhase section */

/* Begin PBXShellScriptBuildPhase section */
		10B4EB321EEACD080AECB9E5 /* [CP] Embed Pods Frameworks */ = {
			isa = PBXShellScriptBuildPhase;
			buildActionMask = 2147483647;
			files = (
			);
			inputPaths = (
				"${SRCROOT}/Pods/Target Support Files/Pods-rxNamer/Pods-rxNamer-frameworks.sh",
				"${BUILT_PRODUCTS_DIR}/RxAtomic/RxAtomic.framework",
				"${BUILT_PRODUCTS_DIR}/RxCocoa/RxCocoa.framework",
				"${BUILT_PRODUCTS_DIR}/RxSwift/RxSwift.framework",
			);
			name = "[CP] Embed Pods Frameworks";
			outputPaths = (
				"${TARGET_BUILD_DIR}/${FRAMEWORKS_FOLDER_PATH}/RxAtomic.framework",
				"${TARGET_BUILD_DIR}/${FRAMEWORKS_FOLDER_PATH}/RxCocoa.framework",
				"${TARGET_BUILD_DIR}/${FRAMEWORKS_FOLDER_PATH}/RxSwift.framework",
			);
			runOnlyForDeploymentPostprocessing = 0;
			shellPath = /bin/sh;
			shellScript = "\"${SRCROOT}/Pods/Target Support Files/Pods-rxNamer/Pods-rxNamer-frameworks.sh\"\n";
			showEnvVarsInLog = 0;
		};
		5E1584DB9E99ABC6EAAAED2D /* [CP] Check Pods Manifest.lock */ = {
			isa = PBXShellScriptBuildPhase;
			buildActionMask = 2147483647;
			files = (
			);
			inputPaths = (
				"${PODS_PODFILE_DIR_PATH}/Podfile.lock",
				"${PODS_ROOT}/Manifest.lock",
			);
			name = "[CP] Check Pods Manifest.lock";
			outputPaths = (
				"$(DERIVED_FILE_DIR)/Pods-rxNamer-checkManifestLockResult.txt",
			);
			runOnlyForDeploymentPostprocessing = 0;
			shellPath = /bin/sh;
			shellScript = "diff \"${PODS_PODFILE_DIR_PATH}/Podfile.lock\" \"${PODS_ROOT}/Manifest.lock\" > /dev/null\nif [ $? != 0 ] ; then\n    # print error to STDERR\n    echo \"error: The sandbox is not in sync with the Podfile.lock. Run 'pod install' or update your CocoaPods installation.\" >&2\n    exit 1\nfi\n# This output is used by Xcode 'outputs' to avoid re-running this script phase.\necho \"SUCCESS\" > \"${SCRIPT_OUTPUT_FILE_0}\"\n";
			showEnvVarsInLog = 0;
		};
/* End PBXShellScriptBuildPhase section */

/* Begin PBXSourcesBuildPhase section */
		F626AEBD226CE9C9008BB571 /* Sources */ = {
			isa = PBXSourcesBuildPhase;
			buildActionMask = 2147483647;
			files = (
				F626AEC7226CE9C9008BB571 /* ViewController.swift in Sources */,
				F626AEC5226CE9C9008BB571 /* AppDelegate.swift in Sources */,
			);
			runOnlyForDeploymentPostprocessing = 0;
		};
/* End PBXSourcesBuildPhase section */

/* Begin PBXVariantGroup section */
		F626AEC8226CE9C9008BB571 /* Main.storyboard */ = {
			isa = PBXVariantGroup;
			children = (
				F626AEC9226CE9C9008BB571 /* Base */,
			);
			name = Main.storyboard;
			sourceTree = "<group>";
		};
		F626AECD226CE9C9008BB571 /* LaunchScreen.storyboard */ = {
			isa = PBXVariantGroup;
			children = (
				F626AECE226CE9C9008BB571 /* Base */,
			);
			name = LaunchScreen.storyboard;
			sourceTree = "<group>";
		};
/* End PBXVariantGroup section */

/* Begin XCBuildConfiguration section */
		F626AED1226CE9C9008BB571 /* Debug */ = {
			isa = XCBuildConfiguration;
			buildSettings = {
				ALWAYS_SEARCH_USER_PATHS = NO;
				CLANG_ANALYZER_NONNULL = YES;
				CLANG_ANALYZER_NUMBER_OBJECT_CONVERSION = YES_AGGRESSIVE;
				CLANG_CXX_LANGUAGE_STANDARD = "gnu++14";
				CLANG_CXX_LIBRARY = "libc++";
				CLANG_ENABLE_MODULES = YES;
				CLANG_ENABLE_OBJC_ARC = YES;
				CLANG_ENABLE_OBJC_WEAK = YES;
				CLANG_WARN_BLOCK_CAPTURE_AUTORELEASING = YES;
				CLANG_WARN_BOOL_CONVERSION = YES;
				CLANG_WARN_COMMA = YES;
				CLANG_WARN_CONSTANT_CONVERSION = YES;
				CLANG_WARN_DEPRECATED_OBJC_IMPLEMENTATIONS = YES;
				CLANG_WARN_DIRECT_OBJC_ISA_USAGE = YES_ERROR;
				CLANG_WARN_DOCUMENTATION_COMMENTS = YES;
				CLANG_WARN_EMPTY_BODY = YES;
				CLANG_WARN_ENUM_CONVERSION = YES;
				CLANG_WARN_INFINITE_RECURSION = YES;
				CLANG_WARN_INT_CONVERSION = YES;
				CLANG_WARN_NON_LITERAL_NULL_CONVERSION = YES;
				CLANG_WARN_OBJC_IMPLICIT_RETAIN_SELF = YES;
				CLANG_WARN_OBJC_LITERAL_CONVERSION = YES;
				CLANG_WARN_OBJC_ROOT_CLASS = YES_ERROR;
				CLANG_WARN_RANGE_LOOP_ANALYSIS = YES;
				CLANG_WARN_STRICT_PROTOTYPES = YES;
				CLANG_WARN_SUSPICIOUS_MOVE = YES;
				CLANG_WARN_UNGUARDED_AVAILABILITY = YES_AGGRESSIVE;
				CLANG_WARN_UNREACHABLE_CODE = YES;
				CLANG_WARN__DUPLICATE_METHOD_MATCH = YES;
				CODE_SIGN_IDENTITY = "iPhone Developer";
				COPY_PHASE_STRIP = NO;
				DEBUG_INFORMATION_FORMAT = dwarf;
				ENABLE_STRICT_OBJC_MSGSEND = YES;
				ENABLE_TESTABILITY = YES;
				GCC_C_LANGUAGE_STANDARD = gnu11;
				GCC_DYNAMIC_NO_PIC = NO;
				GCC_NO_COMMON_BLOCKS = YES;
				GCC_OPTIMIZATION_LEVEL = 0;
				GCC_PREPROCESSOR_DEFINITIONS = (
					"DEBUG=1",
					"$(inherited)",
				);
				GCC_WARN_64_TO_32_BIT_CONVERSION = YES;
				GCC_WARN_ABOUT_RETURN_TYPE = YES_ERROR;
				GCC_WARN_UNDECLARED_SELECTOR = YES;
				GCC_WARN_UNINITIALIZED_AUTOS = YES_AGGRESSIVE;
				GCC_WARN_UNUSED_FUNCTION = YES;
				GCC_WARN_UNUSED_VARIABLE = YES;
				IPHONEOS_DEPLOYMENT_TARGET = 12.2;
				MTL_ENABLE_DEBUG_INFO = INCLUDE_SOURCE;
				MTL_FAST_MATH = YES;
				ONLY_ACTIVE_ARCH = YES;
				SDKROOT = iphoneos;
				SWIFT_ACTIVE_COMPILATION_CONDITIONS = DEBUG;
				SWIFT_OPTIMIZATION_LEVEL = "-Onone";
			};
			name = Debug;
		};
		F626AED2226CE9C9008BB571 /* Release */ = {
			isa = XCBuildConfiguration;
			buildSettings = {
				ALWAYS_SEARCH_USER_PATHS = NO;
				CLANG_ANALYZER_NONNULL = YES;
				CLANG_ANALYZER_NUMBER_OBJECT_CONVERSION = YES_AGGRESSIVE;
				CLANG_CXX_LANGUAGE_STANDARD = "gnu++14";
				CLANG_CXX_LIBRARY = "libc++";
				CLANG_ENABLE_MODULES = YES;
				CLANG_ENABLE_OBJC_ARC = YES;
				CLANG_ENABLE_OBJC_WEAK = YES;
				CLANG_WARN_BLOCK_CAPTURE_AUTORELEASING = YES;
				CLANG_WARN_BOOL_CONVERSION = YES;
				CLANG_WARN_COMMA = YES;
				CLANG_WARN_CONSTANT_CONVERSION = YES;
				CLANG_WARN_DEPRECATED_OBJC_IMPLEMENTATIONS = YES;
				CLANG_WARN_DIRECT_OBJC_ISA_USAGE = YES_ERROR;
				CLANG_WARN_DOCUMENTATION_COMMENTS = YES;
				CLANG_WARN_EMPTY_BODY = YES;
				CLANG_WARN_ENUM_CONVERSION = YES;
				CLANG_WARN_INFINITE_RECURSION = YES;
				CLANG_WARN_INT_CONVERSION = YES;
				CLANG_WARN_NON_LITERAL_NULL_CONVERSION = YES;
				CLANG_WARN_OBJC_IMPLICIT_RETAIN_SELF = YES;
				CLANG_WARN_OBJC_LITERAL_CONVERSION = YES;
				CLANG_WARN_OBJC_ROOT_CLASS = YES_ERROR;
				CLANG_WARN_RANGE_LOOP_ANALYSIS = YES;
				CLANG_WARN_STRICT_PROTOTYPES = YES;
				CLANG_WARN_SUSPICIOUS_MOVE = YES;
				CLANG_WARN_UNGUARDED_AVAILABILITY = YES_AGGRESSIVE;
				CLANG_WARN_UNREACHABLE_CODE = YES;
				CLANG_WARN__DUPLICATE_METHOD_MATCH = YES;
				CODE_SIGN_IDENTITY = "iPhone Developer";
				COPY_PHASE_STRIP = NO;
				DEBUG_INFORMATION_FORMAT = "dwarf-with-dsym";
				ENABLE_NS_ASSERTIONS = NO;
				ENABLE_STRICT_OBJC_MSGSEND = YES;
				GCC_C_LANGUAGE_STANDARD = gnu11;
				GCC_NO_COMMON_BLOCKS = YES;
				GCC_WARN_64_TO_32_BIT_CONVERSION = YES;
				GCC_WARN_ABOUT_RETURN_TYPE = YES_ERROR;
				GCC_WARN_UNDECLARED_SELECTOR = YES;
				GCC_WARN_UNINITIALIZED_AUTOS = YES_AGGRESSIVE;
				GCC_WARN_UNUSED_FUNCTION = YES;
				GCC_WARN_UNUSED_VARIABLE = YES;
				IPHONEOS_DEPLOYMENT_TARGET = 12.2;
				MTL_ENABLE_DEBUG_INFO = NO;
				MTL_FAST_MATH = YES;
				SDKROOT = iphoneos;
				SWIFT_COMPILATION_MODE = wholemodule;
				SWIFT_OPTIMIZATION_LEVEL = "-O";
				VALIDATE_PRODUCT = YES;
			};
			name = Release;
		};
		F626AED4226CE9C9008BB571 /* Debug */ = {
			isa = XCBuildConfiguration;
			baseConfigurationReference = C1065A448D36AE4522F74E01 /* Pods-rxNamer.debug.xcconfig */;
			buildSettings = {
				ASSETCATALOG_COMPILER_APPICON_NAME = AppIcon;
				CODE_SIGN_STYLE = Automatic;
				DEVELOPMENT_TEAM = AMLYNCKP6M;
				INFOPLIST_FILE = rxNamer/Info.plist;
				LD_RUNPATH_SEARCH_PATHS = (
					"$(inherited)",
					"@executable_path/Frameworks",
				);
				PRODUCT_BUNDLE_IDENTIFIER = com.petitcoding.rxNamer;
				PRODUCT_NAME = "$(TARGET_NAME)";
				SWIFT_VERSION = 5.0;
				TARGETED_DEVICE_FAMILY = "1,2";
			};
			name = Debug;
		};
		F626AED5226CE9C9008BB571 /* Release */ = {
			isa = XCBuildConfiguration;
			baseConfigurationReference = 3E6F180865D196F2CAC2CE5C /* Pods-rxNamer.release.xcconfig */;
			buildSettings = {
				ASSETCATALOG_COMPILER_APPICON_NAME = AppIcon;
				CODE_SIGN_STYLE = Automatic;
				DEVELOPMENT_TEAM = AMLYNCKP6M;
				INFOPLIST_FILE = rxNamer/Info.plist;
				LD_RUNPATH_SEARCH_PATHS = (
					"$(inherited)",
					"@executable_path/Frameworks",
				);
				PRODUCT_BUNDLE_IDENTIFIER = com.petitcoding.rxNamer;
				PRODUCT_NAME = "$(TARGET_NAME)";
				SWIFT_VERSION = 5.0;
				TARGETED_DEVICE_FAMILY = "1,2";
			};
			name = Release;
		};
/* End XCBuildConfiguration section */

/* Begin XCConfigurationList section */
		F626AEBC226CE9C9008BB571 /* Build configuration list for PBXProject "rxNamer" */ = {
			isa = XCConfigurationList;
			buildConfigurations = (
				F626AED1226CE9C9008BB571 /* Debug */,
				F626AED2226CE9C9008BB571 /* Release */,
			);
			defaultConfigurationIsVisible = 0;
			defaultConfigurationName = Release;
		};
		F626AED3226CE9C9008BB571 /* Build configuration list for PBXNativeTarget "rxNamer" */ = {
			isa = XCConfigurationList;
			buildConfigurations = (
				F626AED4226CE9C9008BB571 /* Debug */,
				F626AED5226CE9C9008BB571 /* Release */,
			);
			defaultConfigurationIsVisible = 0;
			defaultConfigurationName = Release;
		};
/* End XCConfigurationList section */
	};
	rootObject = F626AEB9226CE9C9008BB571 /* Project object */;
}
